
Microsoft Visual Studio Solution File, Format Version 12.00
# Visual Studio Version 17
VisualStudioVersion = 17.7.34003.232
MinimumVisualStudioVersion = 10.0.40219.1
Project("{9A19103F-16F7-4668-BE54-9A1E7A4F7556}") = "Program", "Program.csproj", "{1415B926-C478-4776-A5D9-D155A40FF256}"
EndProject
Project("{FAE04EC0-301F-11D3-BF4B-00C04F79EFBC}") = "Class1th (Brute Force)", "..\Class1th (Brute Force)\Class1th (Brute Force).csproj", "{A2AAC945-E89A-40AF-8D7A-A2FBD3A7C539}"
EndProject
Global
	GlobalSection(SolutionConfigurationPlatforms) = preSolution
		Debug|Any CPU = Debug|Any CPU
		Release|Any CPU = Release|Any CPU
	EndGlobalSection
	GlobalSection(ProjectConfigurationPlatforms) = postSolution
		{1415B926-C478-4776-A5D9-D155A40FF256}.Debug|Any CPU.ActiveCfg = Debug|Any CPU
		{1415B926-C478-4776-A5D9-D155A40FF256}.Debug|Any CPU.Build.0 = Debug|Any CPU
		{1415B926-C478-4776-A5D9-D155A40FF256}.Release|Any CPU.ActiveCfg = Release|Any CPU
		{1415B926-C478-4776-A5D9-D155A40FF256}.Release|Any CPU.Build.0 = Release|Any CPU
		{A2AAC945-E89A-40AF-8D7A-A2FBD3A7C539}.Debug|Any CPU.ActiveCfg = Debug|Any CPU
		{A2AAC945-E89A-40AF-8D7A-A2FBD3A7C539}.Debug|Any CPU.Build.0 = Debug|Any CPU
		{A2AAC945-E89A-40AF-8D7A-A2FBD3A7C539}.Release|Any CPU.ActiveCfg = Release|Any CPU
		{A2AAC945-E89A-40AF-8D7A-A2FBD3A7C539}.Release|Any CPU.Build.0 = Release|Any CPU
	EndGlobalSection
	GlobalSection(SolutionProperties) = preSolution
		HideSolutionNode = FALSE
	EndGlobalSection
	GlobalSection(ExtensibilityGlobals) = postSolution
		SolutionGuid = {72B89886-97AB-42D4-A3EE-34ED26B2F204}
	EndGlobalSection
EndGlobal
