
Microsoft Visual Studio Solution File, Format Version 12.00
# Visual Studio Version 17
VisualStudioVersion = 17.7.34003.232
MinimumVisualStudioVersion = 10.0.40219.1
Project("{9A19103F-16F7-4668-BE54-9A1E7A4F7556}") = "Program", "Program.csproj", "{1415B926-C478-4776-A5D9-D155A40FF256}"
EndProject
Project("{9A19103F-16F7-4668-BE54-9A1E7A4F7556}") = "Class1th (Brute Force)", "..\Class1th (Brute Force)\Class1th (Brute Force).csproj", "{A2AAC945-E89A-40AF-8D7A-A2FBD3A7C539}"
EndProject
Project("{9A19103F-16F7-4668-BE54-9A1E7A4F7556}") = "Class2th (Sieve of Eratosthenes)", "..\Class2th (Sieve of Eratosthenes)\Class2th (Sieve of Eratosthenes).csproj", "{9B7E0E70-7465-4778-B216-D3504627E1CC}"
EndProject
Project("{9A19103F-16F7-4668-BE54-9A1E7A4F7556}") = "Class3th (Bubble Sort)", "..\Class3th (Bubble Sort)\Class3th (Bubble Sort).csproj", "{73E353FD-3C50-4B56-9FDA-F158A3106C4F}"
EndProject
Project("{FAE04EC0-301F-11D3-BF4B-00C04F79EFBC}") = "Class4th (Select Sort)", "..\Class4th (Select Sort)\Class4th (Select Sort).csproj", "{E1D9D6B7-0CA6-4BA1-B8EC-70C5A32DA1B8}"
EndProject
Project("{FAE04EC0-301F-11D3-BF4B-00C04F79EFBC}") = "Class5th (Insert Sort)", "..\Class5th (Insert Sort)\Class5th (Insert Sort).csproj", "{52FCCB97-CFC2-4A22-BFA7-6BF02FE7EF87}"
EndProject
Project("{FAE04EC0-301F-11D3-BF4B-00C04F79EFBC}") = "Class6th (Shell Sort)", "..\Class6th (Shell Sort)\Class6th (Shell Sort).csproj", "{DEBF1D00-9428-43C3-AAEB-56712FC18313}"
EndProject
Global
	GlobalSection(SolutionConfigurationPlatforms) = preSolution
		Debug|Any CPU = Debug|Any CPU
		Release|Any CPU = Release|Any CPU
	EndGlobalSection
	GlobalSection(ProjectConfigurationPlatforms) = postSolution
		{1415B926-C478-4776-A5D9-D155A40FF256}.Debug|Any CPU.ActiveCfg = Debug|Any CPU
		{1415B926-C478-4776-A5D9-D155A40FF256}.Debug|Any CPU.Build.0 = Debug|Any CPU
		{1415B926-C478-4776-A5D9-D155A40FF256}.Release|Any CPU.ActiveCfg = Release|Any CPU
		{1415B926-C478-4776-A5D9-D155A40FF256}.Release|Any CPU.Build.0 = Release|Any CPU
		{A2AAC945-E89A-40AF-8D7A-A2FBD3A7C539}.Debug|Any CPU.ActiveCfg = Debug|Any CPU
		{A2AAC945-E89A-40AF-8D7A-A2FBD3A7C539}.Debug|Any CPU.Build.0 = Debug|Any CPU
		{A2AAC945-E89A-40AF-8D7A-A2FBD3A7C539}.Release|Any CPU.ActiveCfg = Release|Any CPU
		{A2AAC945-E89A-40AF-8D7A-A2FBD3A7C539}.Release|Any CPU.Build.0 = Release|Any CPU
		{9B7E0E70-7465-4778-B216-D3504627E1CC}.Debug|Any CPU.ActiveCfg = Debug|Any CPU
		{9B7E0E70-7465-4778-B216-D3504627E1CC}.Debug|Any CPU.Build.0 = Debug|Any CPU
		{9B7E0E70-7465-4778-B216-D3504627E1CC}.Release|Any CPU.ActiveCfg = Release|Any CPU
		{9B7E0E70-7465-4778-B216-D3504627E1CC}.Release|Any CPU.Build.0 = Release|Any CPU
		{73E353FD-3C50-4B56-9FDA-F158A3106C4F}.Debug|Any CPU.ActiveCfg = Debug|Any CPU
		{73E353FD-3C50-4B56-9FDA-F158A3106C4F}.Debug|Any CPU.Build.0 = Debug|Any CPU
		{73E353FD-3C50-4B56-9FDA-F158A3106C4F}.Release|Any CPU.ActiveCfg = Release|Any CPU
		{73E353FD-3C50-4B56-9FDA-F158A3106C4F}.Release|Any CPU.Build.0 = Release|Any CPU
		{E1D9D6B7-0CA6-4BA1-B8EC-70C5A32DA1B8}.Debug|Any CPU.ActiveCfg = Debug|Any CPU
		{E1D9D6B7-0CA6-4BA1-B8EC-70C5A32DA1B8}.Debug|Any CPU.Build.0 = Debug|Any CPU
		{E1D9D6B7-0CA6-4BA1-B8EC-70C5A32DA1B8}.Release|Any CPU.ActiveCfg = Release|Any CPU
		{E1D9D6B7-0CA6-4BA1-B8EC-70C5A32DA1B8}.Release|Any CPU.Build.0 = Release|Any CPU
		{52FCCB97-CFC2-4A22-BFA7-6BF02FE7EF87}.Debug|Any CPU.ActiveCfg = Debug|Any CPU
		{52FCCB97-CFC2-4A22-BFA7-6BF02FE7EF87}.Debug|Any CPU.Build.0 = Debug|Any CPU
		{52FCCB97-CFC2-4A22-BFA7-6BF02FE7EF87}.Release|Any CPU.ActiveCfg = Release|Any CPU
		{52FCCB97-CFC2-4A22-BFA7-6BF02FE7EF87}.Release|Any CPU.Build.0 = Release|Any CPU
		{DEBF1D00-9428-43C3-AAEB-56712FC18313}.Debug|Any CPU.ActiveCfg = Debug|Any CPU
		{DEBF1D00-9428-43C3-AAEB-56712FC18313}.Debug|Any CPU.Build.0 = Debug|Any CPU
		{DEBF1D00-9428-43C3-AAEB-56712FC18313}.Release|Any CPU.ActiveCfg = Release|Any CPU
		{DEBF1D00-9428-43C3-AAEB-56712FC18313}.Release|Any CPU.Build.0 = Release|Any CPU
	EndGlobalSection
	GlobalSection(SolutionProperties) = preSolution
		HideSolutionNode = FALSE
	EndGlobalSection
	GlobalSection(ExtensibilityGlobals) = postSolution
		SolutionGuid = {72B89886-97AB-42D4-A3EE-34ED26B2F204}
	EndGlobalSection
EndGlobal
